
Microsoft Visual Studio Solution File, Format Version 12.00
# Visual Studio 15
Project("{FAE04EC0-301F-11D3-BF4B-00C04F79EFBC}") = "Scripts", "Scripts.csproj", "{28962CFB-DC18-F328-415B-50320A242637}"
EndProject
Project("{FAE04EC0-301F-11D3-BF4B-00C04F79EFBC}") = "Tests", "Tests.csproj", "{481FB509-C123-5998-18D0-FC1B9715E668}"
EndProject
Global
	GlobalSection(SolutionConfigurationPlatforms) = preSolution
		Debug|Any CPU = Debug|Any CPU
		Release|Any CPU = Release|Any CPU
	EndGlobalSection
	GlobalSection(ProjectConfigurationPlatforms) = postSolution
		{28962CFB-DC18-F328-415B-50320A242637}.Debug|Any CPU.ActiveCfg = Debug|Any CPU
		{28962CFB-DC18-F328-415B-50320A242637}.Debug|Any CPU.Build.0 = Debug|Any CPU
		{28962CFB-DC18-F328-415B-50320A242637}.Release|Any CPU.ActiveCfg = Release|Any CPU
		{28962CFB-DC18-F328-415B-50320A242637}.Release|Any CPU.Build.0 = Release|Any CPU
		{481FB509-C123-5998-18D0-FC1B9715E668}.Debug|Any CPU.ActiveCfg = Debug|Any CPU
		{481FB509-C123-5998-18D0-FC1B9715E668}.Debug|Any CPU.Build.0 = Debug|Any CPU
		{481FB509-C123-5998-18D0-FC1B9715E668}.Release|Any CPU.ActiveCfg = Release|Any CPU
		{481FB509-C123-5998-18D0-FC1B9715E668}.Release|Any CPU.Build.0 = Release|Any CPU
	EndGlobalSection
	GlobalSection(SolutionProperties) = preSolution
		HideSolutionNode = FALSE
	EndGlobalSection
EndGlobal
