
Microsoft Visual Studio Solution File, Format Version 12.00
# Visual Studio 15
Project("{FAE04EC0-301F-11D3-BF4B-00C04F79EFBC}") = "Model", "Model.csproj", "{BB035A98-D36F-7377-91C2-357F18C94466}"
EndProject
Project("{FAE04EC0-301F-11D3-BF4B-00C04F79EFBC}") = "Presenter", "Presenter.csproj", "{B2F17F2E-78DC-E28D-4F38-C3FF111AE6B5}"
EndProject
Project("{FAE04EC0-301F-11D3-BF4B-00C04F79EFBC}") = "View", "View.csproj", "{7DA25847-0B62-6A2D-D89C-D0A77386D961}"
EndProject
Project("{FAE04EC0-301F-11D3-BF4B-00C04F79EFBC}") = "Tests", "Tests.csproj", "{481FB509-C123-5998-18D0-FC1B9715E668}"
EndProject
Global
	GlobalSection(SolutionConfigurationPlatforms) = preSolution
		Debug|Any CPU = Debug|Any CPU
		Release|Any CPU = Release|Any CPU
	EndGlobalSection
	GlobalSection(ProjectConfigurationPlatforms) = postSolution
		{BB035A98-D36F-7377-91C2-357F18C94466}.Debug|Any CPU.ActiveCfg = Debug|Any CPU
		{BB035A98-D36F-7377-91C2-357F18C94466}.Debug|Any CPU.Build.0 = Debug|Any CPU
		{BB035A98-D36F-7377-91C2-357F18C94466}.Release|Any CPU.ActiveCfg = Release|Any CPU
		{BB035A98-D36F-7377-91C2-357F18C94466}.Release|Any CPU.Build.0 = Release|Any CPU
		{B2F17F2E-78DC-E28D-4F38-C3FF111AE6B5}.Debug|Any CPU.ActiveCfg = Debug|Any CPU
		{B2F17F2E-78DC-E28D-4F38-C3FF111AE6B5}.Debug|Any CPU.Build.0 = Debug|Any CPU
		{B2F17F2E-78DC-E28D-4F38-C3FF111AE6B5}.Release|Any CPU.ActiveCfg = Release|Any CPU
		{B2F17F2E-78DC-E28D-4F38-C3FF111AE6B5}.Release|Any CPU.Build.0 = Release|Any CPU
		{7DA25847-0B62-6A2D-D89C-D0A77386D961}.Debug|Any CPU.ActiveCfg = Debug|Any CPU
		{7DA25847-0B62-6A2D-D89C-D0A77386D961}.Debug|Any CPU.Build.0 = Debug|Any CPU
		{7DA25847-0B62-6A2D-D89C-D0A77386D961}.Release|Any CPU.ActiveCfg = Release|Any CPU
		{7DA25847-0B62-6A2D-D89C-D0A77386D961}.Release|Any CPU.Build.0 = Release|Any CPU
		{481FB509-C123-5998-18D0-FC1B9715E668}.Debug|Any CPU.ActiveCfg = Debug|Any CPU
		{481FB509-C123-5998-18D0-FC1B9715E668}.Debug|Any CPU.Build.0 = Debug|Any CPU
		{481FB509-C123-5998-18D0-FC1B9715E668}.Release|Any CPU.ActiveCfg = Release|Any CPU
		{481FB509-C123-5998-18D0-FC1B9715E668}.Release|Any CPU.Build.0 = Release|Any CPU
	EndGlobalSection
	GlobalSection(SolutionProperties) = preSolution
		HideSolutionNode = FALSE
	EndGlobalSection
EndGlobal
